
Microsoft Visual Studio Solution File, Format Version 12.00
# Visual Studio 15
VisualStudioVersion = 15.0.28307.1525
MinimumVisualStudioVersion = 10.0.40219.1
Project("{FAE04EC0-301F-11D3-BF4B-00C04F79EFBC}") = "PartyInvites", "PartyInvites\PartyInvites.csproj", "{ADCF2931-761C-418B-8388-A472EEA11628}"
EndProject
Global
	GlobalSection(SolutionConfigurationPlatforms) = preSolution
		Debug|Any CPU = Debug|Any CPU
		Release|Any CPU = Release|Any CPU
	EndGlobalSection
	GlobalSection(ProjectConfigurationPlatforms) = postSolution
		{ADCF2931-761C-418B-8388-A472EEA11628}.Debug|Any CPU.ActiveCfg = Debug|Any CPU
		{ADCF2931-761C-418B-8388-A472EEA11628}.Debug|Any CPU.Build.0 = Debug|Any CPU
		{ADCF2931-761C-418B-8388-A472EEA11628}.Release|Any CPU.ActiveCfg = Release|Any CPU
		{ADCF2931-761C-418B-8388-A472EEA11628}.Release|Any CPU.Build.0 = Release|Any CPU
	EndGlobalSection
	GlobalSection(SolutionProperties) = preSolution
		HideSolutionNode = FALSE
	EndGlobalSection
	GlobalSection(ExtensibilityGlobals) = postSolution
		SolutionGuid = {37459F96-5101-4836-8169-BE06D2A724DD}
	EndGlobalSection
EndGlobal
